{
  "name": "waterpolo-projet-bts",
  "version": "1.0.0",
  "lockfileVersion": 3,
  "requires": true,
  "packages": {
    "": {
      "name": "waterpolo-projet-bts",
      "version": "1.0.0",
      "license": "ISC",
      "dependencies": {
        "@paper-design/shaders": "^0.0.76"
      }
    },
    "node_modules/@paper-design/shaders": {
      "version": "0.0.76",
      "resolved": "https://registry.npmjs.org/@paper-design/shaders/-/shaders-0.0.76.tgz",
      "integrity": "sha512-AcNDY4J66YQHUfQYFInkCP7M9VOje0od7wLpOR7LtCmc532opJy6ll+h1W9zBovz8tt9U7OADUmJ/qKEXyOX/A==",
      "license": "SEE LICENSE IN https://github.com/paper-design/shaders/blob/main/LICENSE"
    }
  }
}
